# This file is generated by running "yarn install" inside your project.
# Manual changes might be lost - proceed with caution!

__metadata:
  version: 8
  cacheKey: 10c0

"@babel/helper-string-parser@npm:^7.27.1":
  version: 7.27.1
  resolution: "@babel/helper-string-parser@npm:7.27.1"
  checksum: 10c0/8bda3448e07b5583727c103560bcf9c4c24b3c1051a4c516d4050ef69df37bb9a4734a585fe12725b8c2763de0a265aa1e909b485a4e3270b7cfd3e4dbe4b602
  languageName: node
  linkType: hard

"@babel/helper-validator-identifier@npm:^7.28.5":
  version: 7.28.5
  resolution: "@babel/helper-validator-identifier@npm:7.28.5"
  checksum: 10c0/42aaebed91f739a41f3d80b72752d1f95fd7c72394e8e4bd7cdd88817e0774d80a432451bcba17c2c642c257c483bf1d409dd4548883429ea9493a3bc4ab0847
  languageName: node
  linkType: hard

"@babel/parser@npm:^7.26.7, @babel/parser@npm:^7.29.0":
  version: 7.29.0
  resolution: "@babel/parser@npm:7.29.0"
  dependencies:
    "@babel/types": "npm:^7.29.0"
  bin:
    parser: ./bin/babel-parser.js
  checksum: 10c0/333b2aa761264b91577a74bee86141ef733f9f9f6d4fc52548e4847dc35dfbf821f58c46832c637bfa761a6d9909d6a68f7d1ed59e17e4ffbb958dc510c17b62
  languageName: node
  linkType: hard

"@babel/types@npm:^7.29.0":
  version: 7.29.0
  resolution: "@babel/types@npm:7.29.0"
  dependencies:
    "@babel/helper-string-parser": "npm:^7.27.1"
    "@babel/helper-validator-identifier": "npm:^7.28.5"
  checksum: 10c0/23cc3466e83bcbfab8b9bd0edaafdb5d4efdb88b82b3be6728bbade5ba2f0996f84f63b1c5f7a8c0d67efded28300898a5f930b171bb40b311bca2029c4e9b4f
  languageName: node
  linkType: hard

"@dependents/detective-less@npm:^5.0.1":
  version: 5.0.1
  resolution: "@dependents/detective-less@npm:5.0.1"
  dependencies:
    gonzales-pe: "npm:^4.3.0"
    node-source-walk: "npm:^7.0.1"
  checksum: 10c0/699a81aa94be40c84f1ce7feddb425763352360752dddb8e7bfe531641f5a2553d52b4cf81fa2e08fc7c591262ecccb5ff21f443ede037748e490c33c6fac784
  languageName: node
  linkType: hard

"@emnapi/runtime@npm:^1.7.0":
  version: 1.8.1
  resolution: "@emnapi/runtime@npm:1.8.1"
  dependencies:
    tslib: "npm:^2.4.0"
  checksum: 10c0/f4929d75e37aafb24da77d2f58816761fe3f826aad2e37fa6d4421dac9060cbd5098eea1ac3c9ecc4526b89deb58153852fa432f87021dc57863f2ff726d713f
  languageName: node
  linkType: hard

"@img/colour@npm:^1.0.0":
  version: 1.0.0
  resolution: "@img/colour@npm:1.0.0"
  checksum: 10c0/02261719c1e0d7aa5a2d585981954f2ac126f0c432400aa1a01b925aa2c41417b7695da8544ee04fd29eba7ecea8eaf9b8bef06f19dc8faba78f94eeac40667d
  languageName: node
  linkType: hard

"@img/sharp-darwin-arm64@npm:0.34.5":
  version: 0.34.5
  resolution: "@img/sharp-darwin-arm64@npm:0.34.5"
  dependencies:
    "@img/sharp-libvips-darwin-arm64": "npm:1.2.4"
  dependenciesMeta:
    "@img/sharp-libvips-darwin-arm64":
      optional: true
  conditions: os=darwin & cpu=arm64
  languageName: node
  linkType: hard

"@img/sharp-darwin-x64@npm:0.34.5":
  version: 0.34.5
  resolution: "@img/sharp-darwin-x64@npm:0.34.5"
  dependencies:
    "@img/sharp-libvips-darwin-x64": "npm:1.2.4"
  dependenciesMeta:
    "@img/sharp-libvips-darwin-x64":
      optional: true
  conditions: os=darwin & cpu=x64
  languageName: node
  linkType: hard

"@img/sharp-libvips-darwin-arm64@npm:1.2.4":
  version: 1.2.4
  resolution: "@img/sharp-libvips-darwin-arm64@npm:1.2.4"
  conditions: os=darwin & cpu=arm64
  languageName: node
  linkType: hard

"@img/sharp-libvips-darwin-x64@npm:1.2.4":
  version: 1.2.4
  resolution: "@img/sharp-libvips-darwin-x64@npm:1.2.4"
  conditions: os=darwin & cpu=x64
  languageName: node
  linkType: hard

"@img/sharp-libvips-linux-arm64@npm:1.2.4":
  version: 1.2.4
  resolution: "@img/sharp-libvips-linux-arm64@npm:1.2.4"
  conditions: os=linux & cpu=arm64 & libc=glibc
  languageName: node
  linkType: hard

"@img/sharp-libvips-linux-arm@npm:1.2.4":
  version: 1.2.4
  resolution: "@img/sharp-libvips-linux-arm@npm:1.2.4"
  conditions: os=linux & cpu=arm & libc=glibc
  languageName: node
  linkType: hard

"@img/sharp-libvips-linux-ppc64@npm:1.2.4":
  version: 1.2.4
  resolution: "@img/sharp-libvips-linux-ppc64@npm:1.2.4"
  conditions: os=linux & cpu=ppc64 & libc=glibc
  languageName: node
  linkType: hard

"@img/sharp-libvips-linux-riscv64@npm:1.2.4":
  version: 1.2.4
  resolution: "@img/sharp-libvips-linux-riscv64@npm:1.2.4"
  conditions: os=linux & cpu=riscv64 & libc=glibc
  languageName: node
  linkType: hard

"@img/sharp-libvips-linux-s390x@npm:1.2.4":
  version: 1.2.4
  resolution: "@img/sharp-libvips-linux-s390x@npm:1.2.4"
  conditions: os=linux & cpu=s390x & libc=glibc
  languageName: node
  linkType: hard

"@img/sharp-libvips-linux-x64@npm:1.2.4":
  version: 1.2.4
  resolution: "@img/sharp-libvips-linux-x64@npm:1.2.4"
  conditions: os=linux & cpu=x64 & libc=glibc
  languageName: node
  linkType: hard

"@img/sharp-libvips-linuxmusl-arm64@npm:1.2.4":
  version: 1.2.4
  resolution: "@img/sharp-libvips-linuxmusl-arm64@npm:1.2.4"
  conditions: os=linux & cpu=arm64 & libc=musl
  languageName: node
  linkType: hard

"@img/sharp-libvips-linuxmusl-x64@npm:1.2.4":
  version: 1.2.4
  resolution: "@img/sharp-libvips-linuxmusl-x64@npm:1.2.4"
  conditions: os=linux & cpu=x64 & libc=musl
  languageName: node
  linkType: hard

"@img/sharp-linux-arm64@npm:0.34.5":
  version: 0.34.5
  resolution: "@img/sharp-linux-arm64@npm:0.34.5"
  dependencies:
    "@img/sharp-libvips-linux-arm64": "npm:1.2.4"
  dependenciesMeta:
    "@img/sharp-libvips-linux-arm64":
      optional: true
  conditions: os=linux & cpu=arm64 & libc=glibc
  languageName: node
  linkType: hard

"@img/sharp-linux-arm@npm:0.34.5":
  version: 0.34.5
  resolution: "@img/sharp-linux-arm@npm:0.34.5"
  dependencies:
    "@img/sharp-libvips-linux-arm": "npm:1.2.4"
  dependenciesMeta:
    "@img/sharp-libvips-linux-arm":
      optional: true
  conditions: os=linux & cpu=arm & libc=glibc
  languageName: node
  linkType: hard

"@img/sharp-linux-ppc64@npm:0.34.5":
  version: 0.34.5
  resolution: "@img/sharp-linux-ppc64@npm:0.34.5"
  dependencies:
    "@img/sharp-libvips-linux-ppc64": "npm:1.2.4"
  dependenciesMeta:
    "@img/sharp-libvips-linux-ppc64":
      optional: true
  conditions: os=linux & cpu=ppc64 & libc=glibc
  languageName: node
  linkType: hard

"@img/sharp-linux-riscv64@npm:0.34.5":
  version: 0.34.5
  resolution: "@img/sharp-linux-riscv64@npm:0.34.5"
  dependencies:
    "@img/sharp-libvips-linux-riscv64": "npm:1.2.4"
  dependenciesMeta:
    "@img/sharp-libvips-linux-riscv64":
      optional: true
  conditions: os=linux & cpu=riscv64 & libc=glibc
  languageName: node
  linkType: hard

"@img/sharp-linux-s390x@npm:0.34.5":
  version: 0.34.5
  resolution: "@img/sharp-linux-s390x@npm:0.34.5"
  dependencies:
    "@img/sharp-libvips-linux-s390x": "npm:1.2.4"
  dependenciesMeta:
    "@img/sharp-libvips-linux-s390x":
      optional: true
  conditions: os=linux & cpu=s390x & libc=glibc
  languageName: node
  linkType: hard

"@img/sharp-linux-x64@npm:0.34.5":
  version: 0.34.5
  resolution: "@img/sharp-linux-x64@npm:0.34.5"
  dependencies:
    "@img/sharp-libvips-linux-x64": "npm:1.2.4"
  dependenciesMeta:
    "@img/sharp-libvips-linux-x64":
      optional: true
  conditions: os=linux & cpu=x64 & libc=glibc
  languageName: node
  linkType: hard

"@img/sharp-linuxmusl-arm64@npm:0.34.5":
  version: 0.34.5
  resolution: "@img/sharp-linuxmusl-arm64@npm:0.34.5"
  dependencies:
    "@img/sharp-libvips-linuxmusl-arm64": "npm:1.2.4"
  dependenciesMeta:
    "@img/sharp-libvips-linuxmusl-arm64":
      optional: true
  conditions: os=linux & cpu=arm64 & libc=musl
  languageName: node
  linkType: hard

"@img/sharp-linuxmusl-x64@npm:0.34.5":
  version: 0.34.5
  resolution: "@img/sharp-linuxmusl-x64@npm:0.34.5"
  dependencies:
    "@img/sharp-libvips-linuxmusl-x64": "npm:1.2.4"
  dependenciesMeta:
    "@img/sharp-libvips-linuxmusl-x64":
      optional: true
  conditions: os=linux & cpu=x64 & libc=musl
  languageName: node
  linkType: hard

"@img/sharp-wasm32@npm:0.34.5":
  version: 0.34.5
  resolution: "@img/sharp-wasm32@npm:0.34.5"
  dependencies:
    "@emnapi/runtime": "npm:^1.7.0"
  conditions: cpu=wasm32
  languageName: node
  linkType: hard

"@img/sharp-win32-arm64@npm:0.34.5":
  version: 0.34.5
  resolution: "@img/sharp-win32-arm64@npm:0.34.5"
  conditions: os=win32 & cpu=arm64
  languageName: node
  linkType: hard

"@img/sharp-win32-ia32@npm:0.34.5":
  version: 0.34.5
  resolution: "@img/sharp-win32-ia32@npm:0.34.5"
  conditions: os=win32 & cpu=ia32
  languageName: node
  linkType: hard

"@img/sharp-win32-x64@npm:0.34.5":
  version: 0.34.5
  resolution: "@img/sharp-win32-x64@npm:0.34.5"
  conditions: os=win32 & cpu=x64
  languageName: node
  linkType: hard

"@jridgewell/sourcemap-codec@npm:^1.5.5":
  version: 1.5.5
  resolution: "@jridgewell/sourcemap-codec@npm:1.5.5"
  checksum: 10c0/f9e538f302b63c0ebc06eecb1dd9918dd4289ed36147a0ddce35d6ea4d7ebbda243cda7b2213b6a5e1d8087a298d5cf630fb2bd39329cdecb82017023f6081a0
  languageName: node
  linkType: hard

"@next/env@npm:16.1.6":
  version: 16.1.6
  resolution: "@next/env@npm:16.1.6"
  checksum: 10c0/ed7023edb94b9b2e5da3f9c99d08b614da9757c1edd0ecec792fce4d336b4f0c64db1a84955e07cfbd848b9e61c4118fff28f4098cd7b0a7f97814a90565ebe6
  languageName: node
  linkType: hard

"@next/swc-darwin-arm64@npm:16.1.6":
  version: 16.1.6
  resolution: "@next/swc-darwin-arm64@npm:16.1.6"
  conditions: os=darwin & cpu=arm64
  languageName: node
  linkType: hard

"@next/swc-darwin-x64@npm:16.1.6":
  version: 16.1.6
  resolution: "@next/swc-darwin-x64@npm:16.1.6"
  conditions: os=darwin & cpu=x64
  languageName: node
  linkType: hard

"@next/swc-linux-arm64-gnu@npm:16.1.6":
  version: 16.1.6
  resolution: "@next/swc-linux-arm64-gnu@npm:16.1.6"
  conditions: os=linux & cpu=arm64 & libc=glibc
  languageName: node
  linkType: hard

"@next/swc-linux-arm64-musl@npm:16.1.6":
  version: 16.1.6
  resolution: "@next/swc-linux-arm64-musl@npm:16.1.6"
  conditions: os=linux & cpu=arm64 & libc=musl
  languageName: node
  linkType: hard

"@next/swc-linux-x64-gnu@npm:16.1.6":
  version: 16.1.6
  resolution: "@next/swc-linux-x64-gnu@npm:16.1.6"
  conditions: os=linux & cpu=x64 & libc=glibc
  languageName: node
  linkType: hard

"@next/swc-linux-x64-musl@npm:16.1.6":
  version: 16.1.6
  resolution: "@next/swc-linux-x64-musl@npm:16.1.6"
  conditions: os=linux & cpu=x64 & libc=musl
  languageName: node
  linkType: hard

"@next/swc-win32-arm64-msvc@npm:16.1.6":
  version: 16.1.6
  resolution: "@next/swc-win32-arm64-msvc@npm:16.1.6"
  conditions: os=win32 & cpu=arm64
  languageName: node
  linkType: hard

"@next/swc-win32-x64-msvc@npm:16.1.6":
  version: 16.1.6
  resolution: "@next/swc-win32-x64-msvc@npm:16.1.6"
  conditions: os=win32 & cpu=x64
  languageName: node
  linkType: hard

"@swc/helpers@npm:0.5.15":
  version: 0.5.15
  resolution: "@swc/helpers@npm:0.5.15"
  dependencies:
    tslib: "npm:^2.8.0"
  checksum: 10c0/33002f74f6f885f04c132960835fdfc474186983ea567606db62e86acd0680ca82f34647e8e610f4e1e422d1c16fce729dde22cd3b797ab1fd9061a825dabca4
  languageName: node
  linkType: hard

"@tanstack/query-core@npm:4.43.0":
  version: 4.43.0
  resolution: "@tanstack/query-core@npm:4.43.0"
  checksum: 10c0/29100c4a4805e44596a08a2002a3775e631bc7351b801e3cb4d31f765b1ab9c4a467d9d253d42986a65cd331c23f8a1380d22884683f3e7e17ed93f3fc856f38
  languageName: node
  linkType: hard

"@tanstack/react-query@npm:^4.36.0":
  version: 4.43.0
  resolution: "@tanstack/react-query@npm:4.43.0"
  dependencies:
    "@tanstack/query-core": "npm:4.43.0"
    use-sync-external-store: "npm:^1.6.0"
  peerDependencies:
    react: ^16.8.0 || ^17.0.0 || ^18.0.0 || ^19.0.0
    react-dom: ^16.8.0 || ^17.0.0 || ^18.0.0 || ^19.0.0
    react-native: "*"
  peerDependenciesMeta:
    react-dom:
      optional: true
    react-native:
      optional: true
  checksum: 10c0/4b142ee02a7203494a4547a8f6455b5aadb9cf37f83ed9707420b0d38282dac58fd9d89f44a0b5e6fc15d4cf1cd4e95ab9f58fce83e52a1e14a94e83671298c7
  languageName: node
  linkType: hard

"@typescript-eslint/project-service@npm:8.55.0":
  version: 8.55.0
  resolution: "@typescript-eslint/project-service@npm:8.55.0"
  dependencies:
    "@typescript-eslint/tsconfig-utils": "npm:^8.55.0"
    "@typescript-eslint/types": "npm:^8.55.0"
    debug: "npm:^4.4.3"
  peerDependencies:
    typescript: ">=4.8.4 <6.0.0"
  checksum: 10c0/f35273a63635d2de84409f68dfcea901ed2cd3f08206abb825d742b929c8fce66e0a6a32524d87ce895a7c4c2549e4388baa08644c0a5244c9708151b0f62f52
  languageName: node
  linkType: hard

"@typescript-eslint/tsconfig-utils@npm:8.55.0, @typescript-eslint/tsconfig-utils@npm:^8.55.0":
  version: 8.55.0
  resolution: "@typescript-eslint/tsconfig-utils@npm:8.55.0"
  peerDependencies:
    typescript: ">=4.8.4 <6.0.0"
  checksum: 10c0/77b9a0d0b1d6ab0ce26c81394bb1aa969649016d2857e5f915a15b88012ac3dccec9fc5ff65535e1cc373434e1462513f7964e416a8d7a695f7277dcd39ec2af
  languageName: node
  linkType: hard

"@typescript-eslint/types@npm:8.55.0, @typescript-eslint/types@npm:^8.55.0":
  version: 8.55.0
  resolution: "@typescript-eslint/types@npm:8.55.0"
  checksum: 10c0/dc572f55966e2f0fee149e5d5e42a91cedcdeac451bff29704eb701f9336f123bbc7d7abcfbda717f9e1ef6b402fa24679908bc6032e67513287403037ef345f
  languageName: node
  linkType: hard

"@typescript-eslint/typescript-estree@npm:^8.23.0":
  version: 8.55.0
  resolution: "@typescript-eslint/typescript-estree@npm:8.55.0"
  dependencies:
    "@typescript-eslint/project-service": "npm:8.55.0"
    "@typescript-eslint/tsconfig-utils": "npm:8.55.0"
    "@typescript-eslint/types": "npm:8.55.0"
    "@typescript-eslint/visitor-keys": "npm:8.55.0"
    debug: "npm:^4.4.3"
    minimatch: "npm:^9.0.5"
    semver: "npm:^7.7.3"
    tinyglobby: "npm:^0.2.15"
    ts-api-utils: "npm:^2.4.0"
  peerDependencies:
    typescript: ">=4.8.4 <6.0.0"
  checksum: 10c0/2db3ff9489945ad04508b14009eb0f6b2b7c6c2469805327fa09ffa460af354cd181ff2e8153f9008bd60254efb54a004a59ccacbdbc9c963956e2c2c1189dbc
  languageName: node
  linkType: hard

"@typescript-eslint/visitor-keys@npm:8.55.0":
  version: 8.55.0
  resolution: "@typescript-eslint/visitor-keys@npm:8.55.0"
  dependencies:
    "@typescript-eslint/types": "npm:8.55.0"
    eslint-visitor-keys: "npm:^4.2.1"
  checksum: 10c0/995c5ca91f7c7c1f3c4fdb4f98654abdff55efa570076b9b012da4cc203ebe7e2aee57ba83208ae51c2aef496c45cb8f6909560349131b779f31ce6f8758da23
  languageName: node
  linkType: hard

"@vue/compiler-core@npm:3.5.28":
  version: 3.5.28
  resolution: "@vue/compiler-core@npm:3.5.28"
  dependencies:
    "@babel/parser": "npm:^7.29.0"
    "@vue/shared": "npm:3.5.28"
    entities: "npm:^7.0.1"
    estree-walker: "npm:^2.0.2"
    source-map-js: "npm:^1.2.1"
  checksum: 10c0/60af1cf82781a87e676d75b504c1f096c5784ae6b881104e793f1b431a80633e893c72b58d599bbf25d3ecf13b3d55c5957e446382a3ddb84b64d0485cff88a2
  languageName: node
  linkType: hard

"@vue/compiler-dom@npm:3.5.28":
  version: 3.5.28
  resolution: "@vue/compiler-dom@npm:3.5.28"
  dependencies:
    "@vue/compiler-core": "npm:3.5.28"
    "@vue/shared": "npm:3.5.28"
  checksum: 10c0/b42ce0eba34a552500f6047ae57abcce9761c4a4ca8b18839ef957fff67d01eb228be56ef88519c5a3984f8da42894fb3797ad56c2fd4b98975c60b35df7ff80
  languageName: node
  linkType: hard

"@vue/compiler-sfc@npm:^3.5.13":
  version: 3.5.28
  resolution: "@vue/compiler-sfc@npm:3.5.28"
  dependencies:
    "@babel/parser": "npm:^7.29.0"
    "@vue/compiler-core": "npm:3.5.28"
    "@vue/compiler-dom": "npm:3.5.28"
    "@vue/compiler-ssr": "npm:3.5.28"
    "@vue/shared": "npm:3.5.28"
    estree-walker: "npm:^2.0.2"
    magic-string: "npm:^0.30.21"
    postcss: "npm:^8.5.6"
    source-map-js: "npm:^1.2.1"
  checksum: 10c0/9277cbb63d689fdfa24a85c6b485515e4aa144190da4ab8adbd668c9367b17ffdf57ef88a06b1ca1035a0811168ed1093c0382d52eaf3d5e6abc64d508a5f067
  languageName: node
  linkType: hard

"@vue/compiler-ssr@npm:3.5.28":
  version: 3.5.28
  resolution: "@vue/compiler-ssr@npm:3.5.28"
  dependencies:
    "@vue/compiler-dom": "npm:3.5.28"
    "@vue/shared": "npm:3.5.28"
  checksum: 10c0/e8bf2afa786ffe01d9a401e5dddc208f9e30e63bcb50bf3bbcd782e9dfc7169144c4e1d7273daccc647fcfcbd024eee3d2cd8fabef8ec120829d1687fe8aedbc
  languageName: node
  linkType: hard

"@vue/shared@npm:3.5.28":
  version: 3.5.28
  resolution: "@vue/shared@npm:3.5.28"
  checksum: 10c0/678a927ae45144cae2f070289e03d50cec61841278f7d18800c0890e97383a369e324bb4a8fc8ee001c29ed6e5a5a44b08220f562e6cdae3a14473f5e227d0f7
  languageName: node
  linkType: hard

"ast-module-types@npm:^6.0.1":
  version: 6.0.1
  resolution: "ast-module-types@npm:6.0.1"
  checksum: 10c0/b835a3518accd480c8102fe18cc782bf8f38c7844764e8c27c6494203688c788d6fc90f27dd3b7b3941ff3f2cc1a9269cd7471df55bd467f86af56093808d5a8
  languageName: node
  linkType: hard

"balanced-match@npm:^1.0.0":
  version: 1.0.2
  resolution: "balanced-match@npm:1.0.2"
  checksum: 10c0/9308baf0a7e4838a82bbfd11e01b1cb0f0cf2893bc1676c27c2a8c0e70cbae1c59120c3268517a8ae7fb6376b4639ef81ca22582611dbee4ed28df945134aaee
  languageName: node
  linkType: hard

"baseline-browser-mapping@npm:^2.8.3":
  version: 2.9.19
  resolution: "baseline-browser-mapping@npm:2.9.19"
  bin:
    baseline-browser-mapping: dist/cli.js
  checksum: 10c0/569928db78bcd081953d7db79e4243a59a579a34b4ae1806b9b42d3b7f84e5bc40e6e82ae4fa06e7bef8291bf747b33b3f9ef5d3c6e1e420cb129d9295536129
  languageName: node
  linkType: hard

"brace-expansion@npm:^2.0.1":
  version: 2.0.2
  resolution: "brace-expansion@npm:2.0.2"
  dependencies:
    balanced-match: "npm:^1.0.0"
  checksum: 10c0/6d117a4c793488af86b83172deb6af143e94c17bc53b0b3cec259733923b4ca84679d506ac261f4ba3c7ed37c46018e2ff442f9ce453af8643ecd64f4a54e6cf
  languageName: node
  linkType: hard

"caniuse-lite@npm:^1.0.30001579":
  version: 1.0.30001769
  resolution: "caniuse-lite@npm:1.0.30001769"
  checksum: 10c0/161b8c30ab967371807d45d361f0d5bc06e38ef2dbf811493d70cd97c21e1522f5b91fd944c419a00047ee09c931ca64627f125a9ffa7a17a9fdff8dad9765b0
  languageName: node
  linkType: hard

"client-only@npm:0.0.1":
  version: 0.0.1
  resolution: "client-only@npm:0.0.1"
  checksum: 10c0/9d6cfd0c19e1c96a434605added99dff48482152af791ec4172fb912a71cff9027ff174efd8cdb2160cc7f377543e0537ffc462d4f279bc4701de3f2a3c4b358
  languageName: node
  linkType: hard

"color-name@npm:^1.1.4":
  version: 1.1.4
  resolution: "color-name@npm:1.1.4"
  checksum: 10c0/a1a3f914156960902f46f7f56bc62effc6c94e84b2cae157a526b1c1f74b677a47ec602bf68a61abfa2b42d15b7c5651c6dbe72a43af720bc588dff885b10f95
  languageName: node
  linkType: hard

"commander@npm:^12.1.0":
  version: 12.1.0
  resolution: "commander@npm:12.1.0"
  checksum: 10c0/6e1996680c083b3b897bfc1cfe1c58dfbcd9842fd43e1aaf8a795fbc237f65efcc860a3ef457b318e73f29a4f4a28f6403c3d653d021d960e4632dd45bde54a9
  languageName: node
  linkType: hard

"debug@npm:^4.4.3":
  version: 4.4.3
  resolution: "debug@npm:4.4.3"
  dependencies:
    ms: "npm:^2.1.3"
  peerDependenciesMeta:
    supports-color:
      optional: true
  checksum: 10c0/d79136ec6c83ecbefd0f6a5593da6a9c91ec4d7ddc4b54c883d6e71ec9accb5f67a1a5e96d00a328196b5b5c86d365e98d8a3a70856aaf16b4e7b1985e67f5a6
  languageName: node
  linkType: hard

"detect-libc@npm:^2.1.2":
  version: 2.1.2
  resolution: "detect-libc@npm:2.1.2"
  checksum: 10c0/acc675c29a5649fa1fb6e255f993b8ee829e510b6b56b0910666949c80c364738833417d0edb5f90e4e46be17228b0f2b66a010513984e18b15deeeac49369c4
  languageName: node
  linkType: hard

"detective-amd@npm:^6.0.1":
  version: 6.0.1
  resolution: "detective-amd@npm:6.0.1"
  dependencies:
    ast-module-types: "npm:^6.0.1"
    escodegen: "npm:^2.1.0"
    get-amd-module-type: "npm:^6.0.1"
    node-source-walk: "npm:^7.0.1"
  bin:
    detective-amd: bin/cli.js
  checksum: 10c0/a529b3b19fdb1c7468d38bdc469dabc877f1dea6d42cd90a7e36af528fb001576dfebd240484d1caabc749d4efc9451e96eeb314729a5889bc15f1e30140e802
  languageName: node
  linkType: hard

"detective-cjs@npm:^6.0.1":
  version: 6.0.1
  resolution: "detective-cjs@npm:6.0.1"
  dependencies:
    ast-module-types: "npm:^6.0.1"
    node-source-walk: "npm:^7.0.1"
  checksum: 10c0/5e99f58d069765086a44880d440633fd12596159ba0dc91695a6cf3f80d8eb9b6970464c40f526b30c3929ab90de31b43ada074d92b2402f70fc18676f47d465
  languageName: node
  linkType: hard

"detective-es6@npm:^5.0.1":
  version: 5.0.1
  resolution: "detective-es6@npm:5.0.1"
  dependencies:
    node-source-walk: "npm:^7.0.1"
  checksum: 10c0/2e8e94d61a79f8c0ff8652f0ad9dc796c618710658f89a7b17cfb64be31bbde2d59d5e56c071b31eb80edc617a1da7273e8dcf3c10ab31db71df05429f60c311
  languageName: node
  linkType: hard

"detective-postcss@npm:^7.0.1":
  version: 7.0.1
  resolution: "detective-postcss@npm:7.0.1"
  dependencies:
    is-url: "npm:^1.2.4"
    postcss-values-parser: "npm:^6.0.2"
  peerDependencies:
    postcss: ^8.4.47
  checksum: 10c0/915e402124a6b3db943ef165c3ab5c7a38d0980b97d70f43867eb045acb81acb9e4c5e9eb4f180b9a45483491facc37161075e12a93713d7df8d0643141e90b8
  languageName: node
  linkType: hard

"detective-sass@npm:^6.0.1":
  version: 6.0.1
  resolution: "detective-sass@npm:6.0.1"
  dependencies:
    gonzales-pe: "npm:^4.3.0"
    node-source-walk: "npm:^7.0.1"
  checksum: 10c0/e45108f98fbc5cc2330e93cc6a6a8d53c25b7447800f97b2ab0e97a6f7d44f6c3f99ae9bd946a1e5b3c01cda4581f264f81435ce5438d8fafb8fe9f22f23c0c0
  languageName: node
  linkType: hard

"detective-scss@npm:^5.0.1":
  version: 5.0.1
  resolution: "detective-scss@npm:5.0.1"
  dependencies:
    gonzales-pe: "npm:^4.3.0"
    node-source-walk: "npm:^7.0.1"
  checksum: 10c0/9a2d07fb4dc608b73d4292f1eaa1d1d7f823298c11ea091896eaeb2bba52dd76d9fc9dd82d63b811ce87decf6fd65f9ed00b4cba264b7273a9c47edf48f70530
  languageName: node
  linkType: hard

"detective-stylus@npm:^5.0.1":
  version: 5.0.1
  resolution: "detective-stylus@npm:5.0.1"
  checksum: 10c0/34698ac21dc256483fd91d1674ba5d0c617e45285cd85e4efa99ce48fe955e567df53c51b4157bac3dab6d97f70c86bbd847202ee7a1b639c3b781f35026bde9
  languageName: node
  linkType: hard

"detective-typescript@npm:^14.0.0":
  version: 14.0.0
  resolution: "detective-typescript@npm:14.0.0"
  dependencies:
    "@typescript-eslint/typescript-estree": "npm:^8.23.0"
    ast-module-types: "npm:^6.0.1"
    node-source-walk: "npm:^7.0.1"
  peerDependencies:
    typescript: ^5.4.4
  checksum: 10c0/1d802991e2a57732cc54ceb007991493bbd28b7ba416d0220ccb1cba667febaf09226c701b7310e75179f6c9e9ce84ded03b464b83d931c975e19f2cbad96474
  languageName: node
  linkType: hard

"detective-vue2@npm:^2.2.0":
  version: 2.2.0
  resolution: "detective-vue2@npm:2.2.0"
  dependencies:
    "@dependents/detective-less": "npm:^5.0.1"
    "@vue/compiler-sfc": "npm:^3.5.13"
    detective-es6: "npm:^5.0.1"
    detective-sass: "npm:^6.0.1"
    detective-scss: "npm:^5.0.1"
    detective-stylus: "npm:^5.0.1"
    detective-typescript: "npm:^14.0.0"
  peerDependencies:
    typescript: ^5.4.4
  checksum: 10c0/b56e2e479b75ec6828f0892c64a06e371a4d4200056b0a2035331f1e894da30eb6a6c8c5b11701bd13d9d3a07d040b740451384bb32b82f62f1d4286800e2cbf
  languageName: node
  linkType: hard

"entities@npm:^7.0.1":
  version: 7.0.1
  resolution: "entities@npm:7.0.1"
  checksum: 10c0/b4fb9937bb47ecb00aaaceb9db9cdd1cc0b0fb649c0e843d05cf5dbbd2e9d2df8f98721d8b1b286445689c72af7b54a7242fc2d63ef7c9739037a8c73363e7ca
  languageName: node
  linkType: hard

"escodegen@npm:^2.1.0":
  version: 2.1.0
  resolution: "escodegen@npm:2.1.0"
  dependencies:
    esprima: "npm:^4.0.1"
    estraverse: "npm:^5.2.0"
    esutils: "npm:^2.0.2"
    source-map: "npm:~0.6.1"
  dependenciesMeta:
    source-map:
      optional: true
  bin:
    escodegen: bin/escodegen.js
    esgenerate: bin/esgenerate.js
  checksum: 10c0/e1450a1f75f67d35c061bf0d60888b15f62ab63aef9df1901cffc81cffbbb9e8b3de237c5502cf8613a017c1df3a3003881307c78835a1ab54d8c8d2206e01d3
  languageName: node
  linkType: hard

"eslint-visitor-keys@npm:^4.2.1":
  version: 4.2.1
  resolution: "eslint-visitor-keys@npm:4.2.1"
  checksum: 10c0/fcd43999199d6740db26c58dbe0c2594623e31ca307e616ac05153c9272f12f1364f5a0b1917a8e962268fdecc6f3622c1c2908b4fcc2e047a106fe6de69dc43
  languageName: node
  linkType: hard

"esprima@npm:^4.0.1":
  version: 4.0.1
  resolution: "esprima@npm:4.0.1"
  bin:
    esparse: ./bin/esparse.js
    esvalidate: ./bin/esvalidate.js
  checksum: 10c0/ad4bab9ead0808cf56501750fd9d3fb276f6b105f987707d059005d57e182d18a7c9ec7f3a01794ebddcca676773e42ca48a32d67a250c9d35e009ca613caba3
  languageName: node
  linkType: hard

"estraverse@npm:^5.2.0":
  version: 5.3.0
  resolution: "estraverse@npm:5.3.0"
  checksum: 10c0/1ff9447b96263dec95d6d67431c5e0771eb9776427421260a3e2f0fdd5d6bd4f8e37a7338f5ad2880c9f143450c9b1e4fc2069060724570a49cf9cf0312bd107
  languageName: node
  linkType: hard

"estree-walker@npm:^2.0.2":
  version: 2.0.2
  resolution: "estree-walker@npm:2.0.2"
  checksum: 10c0/53a6c54e2019b8c914dc395890153ffdc2322781acf4bd7d1a32d7aedc1710807bdcd866ac133903d5629ec601fbb50abe8c2e5553c7f5a0afdd9b6af6c945af
  languageName: node
  linkType: hard

"esutils@npm:^2.0.2":
  version: 2.0.3
  resolution: "esutils@npm:2.0.3"
  checksum: 10c0/9a2fe69a41bfdade834ba7c42de4723c97ec776e40656919c62cbd13607c45e127a003f05f724a1ea55e5029a4cf2de444b13009f2af71271e42d93a637137c7
  languageName: node
  linkType: hard

"fdir@npm:^6.5.0":
  version: 6.5.0
  resolution: "fdir@npm:6.5.0"
  peerDependencies:
    picomatch: ^3 || ^4
  peerDependenciesMeta:
    picomatch:
      optional: true
  checksum: 10c0/e345083c4306b3aed6cb8ec551e26c36bab5c511e99ea4576a16750ddc8d3240e63826cc624f5ae17ad4dc82e68a253213b60d556c11bfad064b7607847ed07f
  languageName: node
  linkType: hard

"get-amd-module-type@npm:^6.0.1":
  version: 6.0.1
  resolution: "get-amd-module-type@npm:6.0.1"
  dependencies:
    ast-module-types: "npm:^6.0.1"
    node-source-walk: "npm:^7.0.1"
  checksum: 10c0/23afae042834ac57cbe6da6e9f285dab19067c16a283efbb5abc82ffed1213ecaf12c90bbe1d731562e9057373f843541441316b9a405cc426a123d1172e45b8
  languageName: node
  linkType: hard

"gonzales-pe@npm:^4.3.0":
  version: 4.3.0
  resolution: "gonzales-pe@npm:4.3.0"
  dependencies:
    minimist: "npm:^1.2.5"
  bin:
    gonzales: bin/gonzales.js
  checksum: 10c0/b99a6ef4bf28ca0b0adcc0b42fd0179676ee8bfe1d3e3c0025d7d38ba35a3f2d5b1d4beb16101a7fc7cb2dbda1ec045bbce0932697095df41d729bac1703476f
  languageName: node
  linkType: hard

"is-url-superb@npm:^4.0.0":
  version: 4.0.0
  resolution: "is-url-superb@npm:4.0.0"
  checksum: 10c0/354ea8246d5b5a828e41bb4ed66c539a7b74dc878ee4fa84b148df312b14b08118579d64f0893b56a0094e3b4b1e6082d2fbe2e3792998d7edffde1c0f3dfdd9
  languageName: node
  linkType: hard

"is-url@npm:^1.2.4":
  version: 1.2.4
  resolution: "is-url@npm:1.2.4"
  checksum: 10c0/0157a79874f8f95fdd63540e3f38c8583c2ef572661cd0693cda80ae3e42dfe8e9a4a972ec1b827f861d9a9acf75b37f7d58a37f94a8a053259642912c252bc3
  languageName: node
  linkType: hard

"lazysizes@npm:^5.3.0":
  version: 5.3.2
  resolution: "lazysizes@npm:5.3.2"
  checksum: 10c0/0eef8ada558fa88f80ebe3b75e28346e2757f56d2e9451faa16250486bdcc3cce12b41d1689793ab519c7ac4f0555dca9f71727268276f0f654e04fc379174e0
  languageName: node
  linkType: hard

"magic-string@npm:^0.30.21":
  version: 0.30.21
  resolution: "magic-string@npm:0.30.21"
  dependencies:
    "@jridgewell/sourcemap-codec": "npm:^1.5.5"
  checksum: 10c0/299378e38f9a270069fc62358522ddfb44e94244baa0d6a8980ab2a9b2490a1d03b236b447eee309e17eb3bddfa482c61259d47960eb018a904f0ded52780c4a
  languageName: node
  linkType: hard

"minimatch@npm:^9.0.5":
  version: 9.0.5
  resolution: "minimatch@npm:9.0.5"
  dependencies:
    brace-expansion: "npm:^2.0.1"
  checksum: 10c0/de96cf5e35bdf0eab3e2c853522f98ffbe9a36c37797778d2665231ec1f20a9447a7e567cb640901f89e4daaa95ae5d70c65a9e8aa2bb0019b6facbc3c0575ed
  languageName: node
  linkType: hard

"minimist@npm:^1.2.5":
  version: 1.2.8
  resolution: "minimist@npm:1.2.8"
  checksum: 10c0/19d3fcdca050087b84c2029841a093691a91259a47def2f18222f41e7645a0b7c44ef4b40e88a1e58a40c84d2ef0ee6047c55594d298146d0eb3f6b737c20ce6
  languageName: node
  linkType: hard

"module-definition@npm:^6.0.1":
  version: 6.0.1
  resolution: "module-definition@npm:6.0.1"
  dependencies:
    ast-module-types: "npm:^6.0.1"
    node-source-walk: "npm:^7.0.1"
  bin:
    module-definition: bin/cli.js
  checksum: 10c0/b6c898e97041512364947e6b892b351352f3bf29fdc512d625586627828cfdd385665fbbc7c52ae3686ce5b026bde9a5e26ae22408812b9b3991f9d786566316
  languageName: node
  linkType: hard

"ms@npm:^2.1.3":
  version: 2.1.3
  resolution: "ms@npm:2.1.3"
  checksum: 10c0/d924b57e7312b3b63ad21fc5b3dc0af5e78d61a1fc7cfb5457edaf26326bf62be5307cc87ffb6862ef1c2b33b0233cdb5d4f01c4c958cc0d660948b65a287a48
  languageName: node
  linkType: hard

"museo@workspace:.":
  version: 0.0.0-use.local
  resolution: "museo@workspace:."
  dependencies:
    "@tanstack/react-query": "npm:^4.36.0"
    lazysizes: "npm:^5.3.0"
    next: "npm:16.1.6"
    node-fetch: "npm:^2.6.7"
    precinct: "npm:^12.2.0"
    react: "npm:19.2.4"
    react-dom: "npm:19.2.4"
    resetti: "npm:^1.1.3"
  languageName: unknown
  linkType: soft

"nanoid@npm:^3.3.11, nanoid@npm:^3.3.6":
  version: 3.3.11
  resolution: "nanoid@npm:3.3.11"
  bin:
    nanoid: bin/nanoid.cjs
  checksum: 10c0/40e7f70b3d15f725ca072dfc4f74e81fcf1fbb02e491cf58ac0c79093adc9b0a73b152bcde57df4b79cd097e13023d7504acb38404a4da7bc1cd8e887b82fe0b
  languageName: node
  linkType: hard

"next@npm:16.1.6":
  version: 16.1.6
  resolution: "next@npm:16.1.6"
  dependencies:
    "@next/env": "npm:16.1.6"
    "@next/swc-darwin-arm64": "npm:16.1.6"
    "@next/swc-darwin-x64": "npm:16.1.6"
    "@next/swc-linux-arm64-gnu": "npm:16.1.6"
    "@next/swc-linux-arm64-musl": "npm:16.1.6"
    "@next/swc-linux-x64-gnu": "npm:16.1.6"
    "@next/swc-linux-x64-musl": "npm:16.1.6"
    "@next/swc-win32-arm64-msvc": "npm:16.1.6"
    "@next/swc-win32-x64-msvc": "npm:16.1.6"
    "@swc/helpers": "npm:0.5.15"
    baseline-browser-mapping: "npm:^2.8.3"
    caniuse-lite: "npm:^1.0.30001579"
    postcss: "npm:8.4.31"
    sharp: "npm:^0.34.4"
    styled-jsx: "npm:5.1.6"
  peerDependencies:
    "@opentelemetry/api": ^1.1.0
    "@playwright/test": ^1.51.1
    babel-plugin-react-compiler: "*"
    react: ^18.2.0 || 19.0.0-rc-de68d2f4-20241204 || ^19.0.0
    react-dom: ^18.2.0 || 19.0.0-rc-de68d2f4-20241204 || ^19.0.0
    sass: ^1.3.0
  dependenciesMeta:
    "@next/swc-darwin-arm64":
      optional: true
    "@next/swc-darwin-x64":
      optional: true
    "@next/swc-linux-arm64-gnu":
      optional: true
    "@next/swc-linux-arm64-musl":
      optional: true
    "@next/swc-linux-x64-gnu":
      optional: true
    "@next/swc-linux-x64-musl":
      optional: true
    "@next/swc-win32-arm64-msvc":
      optional: true
    "@next/swc-win32-x64-msvc":
      optional: true
    sharp:
      optional: true
  peerDependenciesMeta:
    "@opentelemetry/api":
      optional: true
    "@playwright/test":
      optional: true
    babel-plugin-react-compiler:
      optional: true
    sass:
      optional: true
  bin:
    next: dist/bin/next
  checksum: 10c0/543766bf879bb5a5d454dc18cb302953270a92efba1d01dd028ea83c64b69573ce7d6e6c3759ecbaabec0a84131b0237263c24d1ccd7c8a97205e776dcd34e0b
  languageName: node
  linkType: hard

"node-fetch@npm:^2.6.7":
  version: 2.7.0
  resolution: "node-fetch@npm:2.7.0"
  dependencies:
    whatwg-url: "npm:^5.0.0"
  peerDependencies:
    encoding: ^0.1.0
  peerDependenciesMeta:
    encoding:
      optional: true
  checksum: 10c0/b55786b6028208e6fbe594ccccc213cab67a72899c9234eb59dba51062a299ea853210fcf526998eaa2867b0963ad72338824450905679ff0fa304b8c5093ae8
  languageName: node
  linkType: hard

"node-source-walk@npm:^7.0.1":
  version: 7.0.1
  resolution: "node-source-walk@npm:7.0.1"
  dependencies:
    "@babel/parser": "npm:^7.26.7"
  checksum: 10c0/a3e484940d322d44c1d06cb32072d96338e44c63cdac315a0cb9d28934015cef088ba4ba1c47a274c60e4431d4d773fbb9c544e36ebd0085cba29bb9c7234911
  languageName: node
  linkType: hard

"picocolors@npm:^1.0.0, picocolors@npm:^1.1.1":
  version: 1.1.1
  resolution: "picocolors@npm:1.1.1"
  checksum: 10c0/e2e3e8170ab9d7c7421969adaa7e1b31434f789afb9b3f115f6b96d91945041ac3ceb02e9ec6fe6510ff036bcc0bf91e69a1772edc0b707e12b19c0f2d6bcf58
  languageName: node
  linkType: hard

"picomatch@npm:^4.0.3":
  version: 4.0.3
  resolution: "picomatch@npm:4.0.3"
  checksum: 10c0/9582c951e95eebee5434f59e426cddd228a7b97a0161a375aed4be244bd3fe8e3a31b846808ea14ef2c8a2527a6eeab7b3946a67d5979e81694654f939473ae2
  languageName: node
  linkType: hard

"postcss-values-parser@npm:^6.0.2":
  version: 6.0.2
  resolution: "postcss-values-parser@npm:6.0.2"
  dependencies:
    color-name: "npm:^1.1.4"
    is-url-superb: "npm:^4.0.0"
    quote-unquote: "npm:^1.0.0"
  peerDependencies:
    postcss: ^8.2.9
  checksum: 10c0/633b8bc7c46f7b6e2b1cb1f33aa0222a5cacb7f485eb41e6f902b5f37ab9884cd8e7e7b0706afb7e3c7766d85096b59e65f59a1eaefac55e2fc952a24f23bcb8
  languageName: node
  linkType: hard

"postcss@npm:8.4.31":
  version: 8.4.31
  resolution: "postcss@npm:8.4.31"
  dependencies:
    nanoid: "npm:^3.3.6"
    picocolors: "npm:^1.0.0"
    source-map-js: "npm:^1.0.2"
  checksum: 10c0/748b82e6e5fc34034dcf2ae88ea3d11fd09f69b6c50ecdd3b4a875cfc7cdca435c958b211e2cb52355422ab6fccb7d8f2f2923161d7a1b281029e4a913d59acf
  languageName: node
  linkType: hard

"postcss@npm:^8.5.1, postcss@npm:^8.5.6":
  version: 8.5.6
  resolution: "postcss@npm:8.5.6"
  dependencies:
    nanoid: "npm:^3.3.11"
    picocolors: "npm:^1.1.1"
    source-map-js: "npm:^1.2.1"
  checksum: 10c0/5127cc7c91ed7a133a1b7318012d8bfa112da9ef092dddf369ae699a1f10ebbd89b1b9f25f3228795b84585c72aabd5ced5fc11f2ba467eedf7b081a66fad024
  languageName: node
  linkType: hard

"precinct@npm:^12.2.0":
  version: 12.2.0
  resolution: "precinct@npm:12.2.0"
  dependencies:
    "@dependents/detective-less": "npm:^5.0.1"
    commander: "npm:^12.1.0"
    detective-amd: "npm:^6.0.1"
    detective-cjs: "npm:^6.0.1"
    detective-es6: "npm:^5.0.1"
    detective-postcss: "npm:^7.0.1"
    detective-sass: "npm:^6.0.1"
    detective-scss: "npm:^5.0.1"
    detective-stylus: "npm:^5.0.1"
    detective-typescript: "npm:^14.0.0"
    detective-vue2: "npm:^2.2.0"
    module-definition: "npm:^6.0.1"
    node-source-walk: "npm:^7.0.1"
    postcss: "npm:^8.5.1"
    typescript: "npm:^5.7.3"
  bin:
    precinct: bin/cli.js
  checksum: 10c0/5ce79638391b29cbfd99ac5d756cc05f1a8dd505474ca33b44ad3a62dc130c8681fff5edfa464ccc92fe4024c49cc39a67c7c993243a067e960e8e946044185b
  languageName: node
  linkType: hard

"quote-unquote@npm:^1.0.0":
  version: 1.0.0
  resolution: "quote-unquote@npm:1.0.0"
  checksum: 10c0/eba86bb7f68ada486f5608c5c71cc155235f0408b8a0a180436cdf2457ae86f56a17de6b0bc5a1b7ae5f27735b3b789662cdf7f3b8195ac816cd0289085129ec
  languageName: node
  linkType: hard

"react-dom@npm:19.2.4":
  version: 19.2.4
  resolution: "react-dom@npm:19.2.4"
  dependencies:
    scheduler: "npm:^0.27.0"
  peerDependencies:
    react: ^19.2.4
  checksum: 10c0/f0c63f1794dedb154136d4d0f59af00b41907f4859571c155940296808f4b94bf9c0c20633db75b5b2112ec13d8d7dd4f9bf57362ed48782f317b11d05a44f35
  languageName: node
  linkType: hard

"react@npm:19.2.4":
  version: 19.2.4
  resolution: "react@npm:19.2.4"
  checksum: 10c0/cd2c9ff67a720799cc3b38a516009986f7fc4cb8d3e15716c6211cf098d1357ee3e348ab05ad0600042bbb0fd888530ba92e329198c92eafa0994f5213396596
  languageName: node
  linkType: hard

"resetti@npm:^1.1.3":
  version: 1.1.3
  resolution: "resetti@npm:1.1.3"
  checksum: 10c0/1b4ead3051ae141764fde3ac8f6aa3b9957a86373d0d89c1d957bc976900569b79243e51f85dee014af78c7ae6d326bb028f85a03165e9d8324f0bf693f7221e
  languageName: node
  linkType: hard

"scheduler@npm:^0.27.0":
  version: 0.27.0
  resolution: "scheduler@npm:0.27.0"
  checksum: 10c0/4f03048cb05a3c8fddc45813052251eca00688f413a3cee236d984a161da28db28ba71bd11e7a3dd02f7af84ab28d39fb311431d3b3772fed557945beb00c452
  languageName: node
  linkType: hard

"semver@npm:^7.7.3":
  version: 7.7.4
  resolution: "semver@npm:7.7.4"
  bin:
    semver: bin/semver.js
  checksum: 10c0/5215ad0234e2845d4ea5bb9d836d42b03499546ddafb12075566899fc617f68794bb6f146076b6881d755de17d6c6cc73372555879ec7dce2c2feee947866ad2
  languageName: node
  linkType: hard

"sharp@npm:^0.34.4":
  version: 0.34.5
  resolution: "sharp@npm:0.34.5"
  dependencies:
    "@img/colour": "npm:^1.0.0"
    "@img/sharp-darwin-arm64": "npm:0.34.5"
    "@img/sharp-darwin-x64": "npm:0.34.5"
    "@img/sharp-libvips-darwin-arm64": "npm:1.2.4"
    "@img/sharp-libvips-darwin-x64": "npm:1.2.4"
    "@img/sharp-libvips-linux-arm": "npm:1.2.4"
    "@img/sharp-libvips-linux-arm64": "npm:1.2.4"
    "@img/sharp-libvips-linux-ppc64": "npm:1.2.4"
    "@img/sharp-libvips-linux-riscv64": "npm:1.2.4"
    "@img/sharp-libvips-linux-s390x": "npm:1.2.4"
    "@img/sharp-libvips-linux-x64": "npm:1.2.4"
    "@img/sharp-libvips-linuxmusl-arm64": "npm:1.2.4"
    "@img/sharp-libvips-linuxmusl-x64": "npm:1.2.4"
    "@img/sharp-linux-arm": "npm:0.34.5"
    "@img/sharp-linux-arm64": "npm:0.34.5"
    "@img/sharp-linux-ppc64": "npm:0.34.5"
    "@img/sharp-linux-riscv64": "npm:0.34.5"
    "@img/sharp-linux-s390x": "npm:0.34.5"
    "@img/sharp-linux-x64": "npm:0.34.5"
    "@img/sharp-linuxmusl-arm64": "npm:0.34.5"
    "@img/sharp-linuxmusl-x64": "npm:0.34.5"
    "@img/sharp-wasm32": "npm:0.34.5"
    "@img/sharp-win32-arm64": "npm:0.34.5"
    "@img/sharp-win32-ia32": "npm:0.34.5"
    "@img/sharp-win32-x64": "npm:0.34.5"
    detect-libc: "npm:^2.1.2"
    semver: "npm:^7.7.3"
  dependenciesMeta:
    "@img/sharp-darwin-arm64":
      optional: true
    "@img/sharp-darwin-x64":
      optional: true
    "@img/sharp-libvips-darwin-arm64":
      optional: true
    "@img/sharp-libvips-darwin-x64":
      optional: true
    "@img/sharp-libvips-linux-arm":
      optional: true
    "@img/sharp-libvips-linux-arm64":
      optional: true
    "@img/sharp-libvips-linux-ppc64":
      optional: true
    "@img/sharp-libvips-linux-riscv64":
      optional: true
    "@img/sharp-libvips-linux-s390x":
      optional: true
    "@img/sharp-libvips-linux-x64":
      optional: true
    "@img/sharp-libvips-linuxmusl-arm64":
      optional: true
    "@img/sharp-libvips-linuxmusl-x64":
      optional: true
    "@img/sharp-linux-arm":
      optional: true
    "@img/sharp-linux-arm64":
      optional: true
    "@img/sharp-linux-ppc64":
      optional: true
    "@img/sharp-linux-riscv64":
      optional: true
    "@img/sharp-linux-s390x":
      optional: true
    "@img/sharp-linux-x64":
      optional: true
    "@img/sharp-linuxmusl-arm64":
      optional: true
    "@img/sharp-linuxmusl-x64":
      optional: true
    "@img/sharp-wasm32":
      optional: true
    "@img/sharp-win32-arm64":
      optional: true
    "@img/sharp-win32-ia32":
      optional: true
    "@img/sharp-win32-x64":
      optional: true
  checksum: 10c0/fd79e29df0597a7d5704b8461c51f944ead91a5243691697be6e8243b966402beda53ddc6f0a53b96ea3cb8221f0b244aa588114d3ebf8734fb4aefd41ab802f
  languageName: node
  linkType: hard

"source-map-js@npm:^1.0.2, source-map-js@npm:^1.2.1":
  version: 1.2.1
  resolution: "source-map-js@npm:1.2.1"
  checksum: 10c0/7bda1fc4c197e3c6ff17de1b8b2c20e60af81b63a52cb32ec5a5d67a20a7d42651e2cb34ebe93833c5a2a084377e17455854fee3e21e7925c64a51b6a52b0faf
  languageName: node
  linkType: hard

"source-map@npm:~0.6.1":
  version: 0.6.1
  resolution: "source-map@npm:0.6.1"
  checksum: 10c0/ab55398007c5e5532957cb0beee2368529618ac0ab372d789806f5718123cc4367d57de3904b4e6a4170eb5a0b0f41373066d02ca0735a0c4d75c7d328d3e011
  languageName: node
  linkType: hard

"styled-jsx@npm:5.1.6":
  version: 5.1.6
  resolution: "styled-jsx@npm:5.1.6"
  dependencies:
    client-only: "npm:0.0.1"
  peerDependencies:
    react: ">= 16.8.0 || 17.x.x || ^18.0.0-0 || ^19.0.0-0"
  peerDependenciesMeta:
    "@babel/core":
      optional: true
    babel-plugin-macros:
      optional: true
  checksum: 10c0/ace50e7ea5ae5ae6a3b65a50994c51fca6ae7df9c7ecfd0104c36be0b4b3a9c5c1a2374d16e2a11e256d0b20be6d47256d768ecb4f91ab390f60752a075780f5
  languageName: node
  linkType: hard

"tinyglobby@npm:^0.2.15":
  version: 0.2.15
  resolution: "tinyglobby@npm:0.2.15"
  dependencies:
    fdir: "npm:^6.5.0"
    picomatch: "npm:^4.0.3"
  checksum: 10c0/869c31490d0d88eedb8305d178d4c75e7463e820df5a9b9d388291daf93e8b1eb5de1dad1c1e139767e4269fe75f3b10d5009b2cc14db96ff98986920a186844
  languageName: node
  linkType: hard

"tr46@npm:~0.0.3":
  version: 0.0.3
  resolution: "tr46@npm:0.0.3"
  checksum: 10c0/047cb209a6b60c742f05c9d3ace8fa510bff609995c129a37ace03476a9b12db4dbf975e74600830ef0796e18882b2381fb5fb1f6b4f96b832c374de3ab91a11
  languageName: node
  linkType: hard

"ts-api-utils@npm:^2.4.0":
  version: 2.4.0
  resolution: "ts-api-utils@npm:2.4.0"
  peerDependencies:
    typescript: ">=4.8.4"
  checksum: 10c0/ed185861aef4e7124366a3f6561113557a57504267d4d452a51e0ba516a9b6e713b56b4aeaab9fa13de9db9ab755c65c8c13a777dba9133c214632cb7b65c083
  languageName: node
  linkType: hard

"tslib@npm:^2.4.0, tslib@npm:^2.8.0":
  version: 2.8.1
  resolution: "tslib@npm:2.8.1"
  checksum: 10c0/9c4759110a19c53f992d9aae23aac5ced636e99887b51b9e61def52611732872ff7668757d4e4c61f19691e36f4da981cd9485e869b4a7408d689f6bf1f14e62
  languageName: node
  linkType: hard

"typescript@npm:^5.7.3":
  version: 5.9.3
  resolution: "typescript@npm:5.9.3"
  bin:
    tsc: bin/tsc
    tsserver: bin/tsserver
  checksum: 10c0/6bd7552ce39f97e711db5aa048f6f9995b53f1c52f7d8667c1abdc1700c68a76a308f579cd309ce6b53646deb4e9a1be7c813a93baaf0a28ccd536a30270e1c5
  languageName: node
  linkType: hard

"typescript@patch:typescript@npm%3A^5.7.3#optional!builtin<compat/typescript>":
  version: 5.9.3
  resolution: "typescript@patch:typescript@npm%3A5.9.3#optional!builtin<compat/typescript>::version=5.9.3&hash=5786d5"
  bin:
    tsc: bin/tsc
    tsserver: bin/tsserver
  checksum: 10c0/ad09fdf7a756814dce65bc60c1657b40d44451346858eea230e10f2e95a289d9183b6e32e5c11e95acc0ccc214b4f36289dcad4bf1886b0adb84d711d336a430
  languageName: node
  linkType: hard

"use-sync-external-store@npm:^1.6.0":
  version: 1.6.0
  resolution: "use-sync-external-store@npm:1.6.0"
  peerDependencies:
    react: ^16.8.0 || ^17.0.0 || ^18.0.0 || ^19.0.0
  checksum: 10c0/35e1179f872a53227bdf8a827f7911da4c37c0f4091c29b76b1e32473d1670ebe7bcd880b808b7549ba9a5605c233350f800ffab963ee4a4ee346ee983b6019b
  languageName: node
  linkType: hard

"webidl-conversions@npm:^3.0.0":
  version: 3.0.1
  resolution: "webidl-conversions@npm:3.0.1"
  checksum: 10c0/5612d5f3e54760a797052eb4927f0ddc01383550f542ccd33d5238cfd65aeed392a45ad38364970d0a0f4fea32e1f4d231b3d8dac4a3bdd385e5cf802ae097db
  languageName: node
  linkType: hard

"whatwg-url@npm:^5.0.0":
  version: 5.0.0
  resolution: "whatwg-url@npm:5.0.0"
  dependencies:
    tr46: "npm:~0.0.3"
    webidl-conversions: "npm:^3.0.0"
  checksum: 10c0/1588bed84d10b72d5eec1d0faa0722ba1962f1821e7539c535558fb5398d223b0c50d8acab950b8c488b4ba69043fd833cc2697056b167d8ad46fac3995a55d5
  languageName: node
  linkType: hard
